// !$*UTF8*$!
{
	archiveVersion = 1;
	classes = {
	};
	objectVersion = 56;
	objects = {

/* Begin PBXBuildFile section */
		309ED38A2B04DA1E000F82C0 /* TimeManager.swift in Sources */ = {isa = PBXBuildFile; fileRef = 309ED3892B04DA1E000F82C0 /* TimeManager.swift */; };
		309ED38D2B04DBAB000F82C0 /* SecondDisplay.swift in Sources */ = {isa = PBXBuildFile; fileRef = 309ED38C2B04DBAB000F82C0 /* SecondDisplay.swift */; };
		30D6C27D2AF41F0900688455 /* AdAppApp.swift in Sources */ = {isa = PBXBuildFile; fileRef = 30D6C27C2AF41F0900688455 /* AdAppApp.swift */; };
		30D6C27F2AF41F0900688455 /* ContentView.swift in Sources */ = {isa = PBXBuildFile; fileRef = 30D6C27E2AF41F0900688455 /* ContentView.swift */; };
		30D6C2812AF41F0B00688455 /* Assets.xcassets in Resources */ = {isa = PBXBuildFile; fileRef = 30D6C2802AF41F0B00688455 /* Assets.xcassets */; };
		30D6C2842AF41F0B00688455 /* Preview Assets.xcassets in Resources */ = {isa = PBXBuildFile; fileRef = 30D6C2832AF41F0B00688455 /* Preview Assets.xcassets */; };
		30D6C28F2AF4208800688455 /* CardView.swift in Sources */ = {isa = PBXBuildFile; fileRef = 30D6C28E2AF4208800688455 /* CardView.swift */; };
		30D6C2912AF4258D00688455 /* AdventModel.swift in Sources */ = {isa = PBXBuildFile; fileRef = 30D6C2902AF4258D00688455 /* AdventModel.swift */; };
/* End PBXBuildFile section */

/* Begin PBXFileReference section */
		309ED3892B04DA1E000F82C0 /* TimeManager.swift */ = {isa = PBXFileReference; lastKnownFileType = sourcecode.swift; path = TimeManager.swift; sourceTree = "<group>"; };
		309ED38C2B04DBAB000F82C0 /* SecondDisplay.swift */ = {isa = PBXFileReference; lastKnownFileType = sourcecode.swift; path = SecondDisplay.swift; sourceTree = "<group>"; };
		30D6C2792AF41F0900688455 /* AdApp.app */ = {isa = PBXFileReference; explicitFileType = wrapper.application; includeInIndex = 0; path = AdApp.app; sourceTree = BUILT_PRODUCTS_DIR; };
		30D6C27C2AF41F0900688455 /* AdAppApp.swift */ = {isa = PBXFileReference; lastKnownFileType = sourcecode.swift; path = AdAppApp.swift; sourceTree = "<group>"; };
		30D6C27E2AF41F0900688455 /* ContentView.swift */ = {isa = PBXFileReference; lastKnownFileType = sourcecode.swift; path = ContentView.swift; sourceTree = "<group>"; };
		30D6C2802AF41F0B00688455 /* Assets.xcassets */ = {isa = PBXFileReference; lastKnownFileType = folder.assetcatalog; path = Assets.xcassets; sourceTree = "<group>"; };
		30D6C2832AF41F0B00688455 /* Preview Assets.xcassets */ = {isa = PBXFileReference; lastKnownFileType = folder.assetcatalog; path = "Preview Assets.xcassets"; sourceTree = "<group>"; };
		30D6C28E2AF4208800688455 /* CardView.swift */ = {isa = PBXFileReference; lastKnownFileType = sourcecode.swift; path = CardView.swift; sourceTree = "<group>"; };
		30D6C2902AF4258D00688455 /* AdventModel.swift */ = {isa = PBXFileReference; lastKnownFileType = sourcecode.swift; path = AdventModel.swift; sourceTree = "<group>"; };
/* End PBXFileReference section */

/* Begin PBXFrameworksBuildPhase section */
		30D6C2762AF41F0900688455 /* Frameworks */ = {
			isa = PBXFrameworksBuildPhase;
			buildActionMask = 2147483647;
			files = (
			);
			runOnlyForDeploymentPostprocessing = 0;
		};
/* End PBXFrameworksBuildPhase section */

/* Begin PBXGroup section */
		309ED38B2B04DB6B000F82C0 /* SecondDisplay */ = {
			isa = PBXGroup;
			children = (
				309ED38C2B04DBAB000F82C0 /* SecondDisplay.swift */,
			);
			path = SecondDisplay;
			sourceTree = "<group>";
		};
		30D6C2702AF41F0900688455 = {
			isa = PBXGroup;
			children = (
				30D6C27B2AF41F0900688455 /* AdApp */,
				30D6C27A2AF41F0900688455 /* Products */,
			);
			sourceTree = "<group>";
		};
		30D6C27A2AF41F0900688455 /* Products */ = {
			isa = PBXGroup;
			children = (
				30D6C2792AF41F0900688455 /* AdApp.app */,
			);
			name = Products;
			sourceTree = "<group>";
		};
		30D6C27B2AF41F0900688455 /* AdApp */ = {
			isa = PBXGroup;
			children = (
				30D6C28D2AF41F9F00688455 /* ViewModel */,
				30D6C28B2AF41F8400688455 /* View */,
				30D6C28C2AF41F8C00688455 /* Model */,
				30D6C27C2AF41F0900688455 /* AdAppApp.swift */,
				30D6C2802AF41F0B00688455 /* Assets.xcassets */,
				30D6C2822AF41F0B00688455 /* Preview Content */,
			);
			path = AdApp;
			sourceTree = "<group>";
		};
		30D6C2822AF41F0B00688455 /* Preview Content */ = {
			isa = PBXGroup;
			children = (
				30D6C2832AF41F0B00688455 /* Preview Assets.xcassets */,
			);
			path = "Preview Content";
			sourceTree = "<group>";
		};
		30D6C28A2AF41F2700688455 /* StartDisplay */ = {
			isa = PBXGroup;
			children = (
				30D6C27E2AF41F0900688455 /* ContentView.swift */,
				30D6C28E2AF4208800688455 /* CardView.swift */,
			);
			path = StartDisplay;
			sourceTree = "<group>";
		};
		30D6C28B2AF41F8400688455 /* View */ = {
			isa = PBXGroup;
			children = (
				30D6C28A2AF41F2700688455 /* StartDisplay */,
				309ED38B2B04DB6B000F82C0 /* SecondDisplay */,
			);
			path = View;
			sourceTree = "<group>";
		};
		30D6C28C2AF41F8C00688455 /* Model */ = {
			isa = PBXGroup;
			children = (
				30D6C2902AF4258D00688455 /* AdventModel.swift */,
			);
			path = Model;
			sourceTree = "<group>";
		};
		30D6C28D2AF41F9F00688455 /* ViewModel */ = {
			isa = PBXGroup;
			children = (
				309ED3892B04DA1E000F82C0 /* TimeManager.swift */,
			);
			path = ViewModel;
			sourceTree = "<group>";
		};
/* End PBXGroup section */

/* Begin PBXNativeTarget section */
		30D6C2782AF41F0900688455 /* AdApp */ = {
			isa = PBXNativeTarget;
			buildConfigurationList = 30D6C2872AF41F0B00688455 /* Build configuration list for PBXNativeTarget "AdApp" */;
			buildPhases = (
				30D6C2752AF41F0900688455 /* Sources */,
				30D6C2762AF41F0900688455 /* Frameworks */,
				30D6C2772AF41F0900688455 /* Resources */,
			);
			buildRules = (
			);
			dependencies = (
			);
			name = AdApp;
			productName = AdApp;
			productReference = 30D6C2792AF41F0900688455 /* AdApp.app */;
			productType = "com.apple.product-type.application";
		};
/* End PBXNativeTarget section */

/* Begin PBXProject section */
		30D6C2712AF41F0900688455 /* Project object */ = {
			isa = PBXProject;
			attributes = {
				BuildIndependentTargetsInParallel = 1;
				LastSwiftUpdateCheck = 1430;
				LastUpgradeCheck = 1430;
				TargetAttributes = {
					30D6C2782AF41F0900688455 = {
						CreatedOnToolsVersion = 14.3.1;
					};
				};
			};
			buildConfigurationList = 30D6C2742AF41F0900688455 /* Build configuration list for PBXProject "AdApp" */;
			compatibilityVersion = "Xcode 14.0";
			developmentRegion = en;
			hasScannedForEncodings = 0;
			knownRegions = (
				en,
				Base,
			);
			mainGroup = 30D6C2702AF41F0900688455;
			productRefGroup = 30D6C27A2AF41F0900688455 /* Products */;
			projectDirPath = "";
			projectRoot = "";
			targets = (
				30D6C2782AF41F0900688455 /* AdApp */,
			);
		};
/* End PBXProject section */

/* Begin PBXResourcesBuildPhase section */
		30D6C2772AF41F0900688455 /* Resources */ = {
			isa = PBXResourcesBuildPhase;
			buildActionMask = 2147483647;
			files = (
				30D6C2842AF41F0B00688455 /* Preview Assets.xcassets in Resources */,
				30D6C2812AF41F0B00688455 /* Assets.xcassets in Resources */,
			);
			runOnlyForDeploymentPostprocessing = 0;
		};
/* End PBXResourcesBuildPhase section */

/* Begin PBXSourcesBuildPhase section */
		30D6C2752AF41F0900688455 /* Sources */ = {
			isa = PBXSourcesBuildPhase;
			buildActionMask = 2147483647;
			files = (
				30D6C27F2AF41F0900688455 /* ContentView.swift in Sources */,
				30D6C28F2AF4208800688455 /* CardView.swift in Sources */,
				30D6C2912AF4258D00688455 /* AdventModel.swift in Sources */,
				309ED38A2B04DA1E000F82C0 /* TimeManager.swift in Sources */,
				309ED38D2B04DBAB000F82C0 /* SecondDisplay.swift in Sources */,
				30D6C27D2AF41F0900688455 /* AdAppApp.swift in Sources */,
			);
			runOnlyForDeploymentPostprocessing = 0;
		};
/* End PBXSourcesBuildPhase section */

/* Begin XCBuildConfiguration section */
		30D6C2852AF41F0B00688455 /* Debug */ = {
			isa = XCBuildConfiguration;
			buildSettings = {
				ALWAYS_SEARCH_USER_PATHS = NO;
				CLANG_ANALYZER_NONNULL = YES;
				CLANG_ANALYZER_NUMBER_OBJECT_CONVERSION = YES_AGGRESSIVE;
				CLANG_CXX_LANGUAGE_STANDARD = "gnu++20";
				CLANG_ENABLE_MODULES = YES;
				CLANG_ENABLE_OBJC_ARC = YES;
				CLANG_ENABLE_OBJC_WEAK = YES;
				CLANG_WARN_BLOCK_CAPTURE_AUTORELEASING = YES;
				CLANG_WARN_BOOL_CONVERSION = YES;
				CLANG_WARN_COMMA = YES;
				CLANG_WARN_CONSTANT_CONVERSION = YES;
				CLANG_WARN_DEPRECATED_OBJC_IMPLEMENTATIONS = YES;
				CLANG_WARN_DIRECT_OBJC_ISA_USAGE = YES_ERROR;
				CLANG_WARN_DOCUMENTATION_COMMENTS = YES;
				CLANG_WARN_EMPTY_BODY = YES;
				CLANG_WARN_ENUM_CONVERSION = YES;
				CLANG_WARN_INFINITE_RECURSION = YES;
				CLANG_WARN_INT_CONVERSION = YES;
				CLANG_WARN_NON_LITERAL_NULL_CONVERSION = YES;
				CLANG_WARN_OBJC_IMPLICIT_RETAIN_SELF = YES;
				CLANG_WARN_OBJC_LITERAL_CONVERSION = YES;
				CLANG_WARN_OBJC_ROOT_CLASS = YES_ERROR;
				CLANG_WARN_QUOTED_INCLUDE_IN_FRAMEWORK_HEADER = YES;
				CLANG_WARN_RANGE_LOOP_ANALYSIS = YES;
				CLANG_WARN_STRICT_PROTOTYPES = YES;
				CLANG_WARN_SUSPICIOUS_MOVE = YES;
				CLANG_WARN_UNGUARDED_AVAILABILITY = YES_AGGRESSIVE;
				CLANG_WARN_UNREACHABLE_CODE = YES;
				CLANG_WARN__DUPLICATE_METHOD_MATCH = YES;
				COPY_PHASE_STRIP = NO;
				DEBUG_INFORMATION_FORMAT = dwarf;
				ENABLE_STRICT_OBJC_MSGSEND = YES;
				ENABLE_TESTABILITY = YES;
				GCC_C_LANGUAGE_STANDARD = gnu11;
				GCC_DYNAMIC_NO_PIC = NO;
				GCC_NO_COMMON_BLOCKS = YES;
				GCC_OPTIMIZATION_LEVEL = 0;
				GCC_PREPROCESSOR_DEFINITIONS = (
					"DEBUG=1",
					"$(inherited)",
				);
				GCC_WARN_64_TO_32_BIT_CONVERSION = YES;
				GCC_WARN_ABOUT_RETURN_TYPE = YES_ERROR;
				GCC_WARN_UNDECLARED_SELECTOR = YES;
				GCC_WARN_UNINITIALIZED_AUTOS = YES_AGGRESSIVE;
				GCC_WARN_UNUSED_FUNCTION = YES;
				GCC_WARN_UNUSED_VARIABLE = YES;
				IPHONEOS_DEPLOYMENT_TARGET = 16.4;
				MTL_ENABLE_DEBUG_INFO = INCLUDE_SOURCE;
				MTL_FAST_MATH = YES;
				ONLY_ACTIVE_ARCH = YES;
				SDKROOT = iphoneos;
				SWIFT_ACTIVE_COMPILATION_CONDITIONS = DEBUG;
				SWIFT_OPTIMIZATION_LEVEL = "-Onone";
			};
			name = Debug;
		};
		30D6C2862AF41F0B00688455 /* Release */ = {
			isa = XCBuildConfiguration;
			buildSettings = {
				ALWAYS_SEARCH_USER_PATHS = NO;
				CLANG_ANALYZER_NONNULL = YES;
				CLANG_ANALYZER_NUMBER_OBJECT_CONVERSION = YES_AGGRESSIVE;
				CLANG_CXX_LANGUAGE_STANDARD = "gnu++20";
				CLANG_ENABLE_MODULES = YES;
				CLANG_ENABLE_OBJC_ARC = YES;
				CLANG_ENABLE_OBJC_WEAK = YES;
				CLANG_WARN_BLOCK_CAPTURE_AUTORELEASING = YES;
				CLANG_WARN_BOOL_CONVERSION = YES;
				CLANG_WARN_COMMA = YES;
				CLANG_WARN_CONSTANT_CONVERSION = YES;
				CLANG_WARN_DEPRECATED_OBJC_IMPLEMENTATIONS = YES;
				CLANG_WARN_DIRECT_OBJC_ISA_USAGE = YES_ERROR;
				CLANG_WARN_DOCUMENTATION_COMMENTS = YES;
				CLANG_WARN_EMPTY_BODY = YES;
				CLANG_WARN_ENUM_CONVERSION = YES;
				CLANG_WARN_INFINITE_RECURSION = YES;
				CLANG_WARN_INT_CONVERSION = YES;
				CLANG_WARN_NON_LITERAL_NULL_CONVERSION = YES;
				CLANG_WARN_OBJC_IMPLICIT_RETAIN_SELF = YES;
				CLANG_WARN_OBJC_LITERAL_CONVERSION = YES;
				CLANG_WARN_OBJC_ROOT_CLASS = YES_ERROR;
				CLANG_WARN_QUOTED_INCLUDE_IN_FRAMEWORK_HEADER = YES;
				CLANG_WARN_RANGE_LOOP_ANALYSIS = YES;
				CLANG_WARN_STRICT_PROTOTYPES = YES;
				CLANG_WARN_SUSPICIOUS_MOVE = YES;
				CLANG_WARN_UNGUARDED_AVAILABILITY = YES_AGGRESSIVE;
				CLANG_WARN_UNREACHABLE_CODE = YES;
				CLANG_WARN__DUPLICATE_METHOD_MATCH = YES;
				COPY_PHASE_STRIP = NO;
				DEBUG_INFORMATION_FORMAT = "dwarf-with-dsym";
				ENABLE_NS_ASSERTIONS = NO;
				ENABLE_STRICT_OBJC_MSGSEND = YES;
				GCC_C_LANGUAGE_STANDARD = gnu11;
				GCC_NO_COMMON_BLOCKS = YES;
				GCC_WARN_64_TO_32_BIT_CONVERSION = YES;
				GCC_WARN_ABOUT_RETURN_TYPE = YES_ERROR;
				GCC_WARN_UNDECLARED_SELECTOR = YES;
				GCC_WARN_UNINITIALIZED_AUTOS = YES_AGGRESSIVE;
				GCC_WARN_UNUSED_FUNCTION = YES;
				GCC_WARN_UNUSED_VARIABLE = YES;
				IPHONEOS_DEPLOYMENT_TARGET = 16.4;
				MTL_ENABLE_DEBUG_INFO = NO;
				MTL_FAST_MATH = YES;
				SDKROOT = iphoneos;
				SWIFT_COMPILATION_MODE = wholemodule;
				SWIFT_OPTIMIZATION_LEVEL = "-O";
				VALIDATE_PRODUCT = YES;
			};
			name = Release;
		};
		30D6C2882AF41F0B00688455 /* Debug */ = {
			isa = XCBuildConfiguration;
			buildSettings = {
				ASSETCATALOG_COMPILER_APPICON_NAME = AppIcon;
				ASSETCATALOG_COMPILER_GLOBAL_ACCENT_COLOR_NAME = AccentColor;
				CODE_SIGN_STYLE = Automatic;
				CURRENT_PROJECT_VERSION = 1;
				DEVELOPMENT_ASSET_PATHS = "\"AdApp/Preview Content\"";
				DEVELOPMENT_TEAM = 7R6MFKUCX6;
				ENABLE_PREVIEWS = YES;
				GENERATE_INFOPLIST_FILE = YES;
				INFOPLIST_KEY_UIApplicationSceneManifest_Generation = YES;
				INFOPLIST_KEY_UIApplicationSupportsIndirectInputEvents = YES;
				INFOPLIST_KEY_UILaunchScreen_Generation = YES;
				INFOPLIST_KEY_UISupportedInterfaceOrientations_iPad = "UIInterfaceOrientationPortrait UIInterfaceOrientationPortraitUpsideDown UIInterfaceOrientationLandscapeLeft UIInterfaceOrientationLandscapeRight";
				INFOPLIST_KEY_UISupportedInterfaceOrientations_iPhone = "UIInterfaceOrientationPortrait UIInterfaceOrientationLandscapeLeft UIInterfaceOrientationLandscapeRight";
				LD_RUNPATH_SEARCH_PATHS = (
					"$(inherited)",
					"@executable_path/Frameworks",
				);
				MARKETING_VERSION = 1.0;
				PRODUCT_BUNDLE_IDENTIFIER = grommy.AdApp;
				PRODUCT_NAME = "$(TARGET_NAME)";
				SWIFT_EMIT_LOC_STRINGS = YES;
				SWIFT_VERSION = 5.0;
				TARGETED_DEVICE_FAMILY = "1,2";
			};
			name = Debug;
		};
		30D6C2892AF41F0B00688455 /* Release */ = {
			isa = XCBuildConfiguration;
			buildSettings = {
				ASSETCATALOG_COMPILER_APPICON_NAME = AppIcon;
				ASSETCATALOG_COMPILER_GLOBAL_ACCENT_COLOR_NAME = AccentColor;
				CODE_SIGN_STYLE = Automatic;
				CURRENT_PROJECT_VERSION = 1;
				DEVELOPMENT_ASSET_PATHS = "\"AdApp/Preview Content\"";
				DEVELOPMENT_TEAM = 7R6MFKUCX6;
				ENABLE_PREVIEWS = YES;
				GENERATE_INFOPLIST_FILE = YES;
				INFOPLIST_KEY_UIApplicationSceneManifest_Generation = YES;
				INFOPLIST_KEY_UIApplicationSupportsIndirectInputEvents = YES;
				INFOPLIST_KEY_UILaunchScreen_Generation = YES;
				INFOPLIST_KEY_UISupportedInterfaceOrientations_iPad = "UIInterfaceOrientationPortrait UIInterfaceOrientationPortraitUpsideDown UIInterfaceOrientationLandscapeLeft UIInterfaceOrientationLandscapeRight";
				INFOPLIST_KEY_UISupportedInterfaceOrientations_iPhone = "UIInterfaceOrientationPortrait UIInterfaceOrientationLandscapeLeft UIInterfaceOrientationLandscapeRight";
				LD_RUNPATH_SEARCH_PATHS = (
					"$(inherited)",
					"@executable_path/Frameworks",
				);
				MARKETING_VERSION = 1.0;
				PRODUCT_BUNDLE_IDENTIFIER = grommy.AdApp;
				PRODUCT_NAME = "$(TARGET_NAME)";
				SWIFT_EMIT_LOC_STRINGS = YES;
				SWIFT_VERSION = 5.0;
				TARGETED_DEVICE_FAMILY = "1,2";
			};
			name = Release;
		};
/* End XCBuildConfiguration section */

/* Begin XCConfigurationList section */
		30D6C2742AF41F0900688455 /* Build configuration list for PBXProject "AdApp" */ = {
			isa = XCConfigurationList;
			buildConfigurations = (
				30D6C2852AF41F0B00688455 /* Debug */,
				30D6C2862AF41F0B00688455 /* Release */,
			);
			defaultConfigurationIsVisible = 0;
			defaultConfigurationName = Release;
		};
		30D6C2872AF41F0B00688455 /* Build configuration list for PBXNativeTarget "AdApp" */ = {
			isa = XCConfigurationList;
			buildConfigurations = (
				30D6C2882AF41F0B00688455 /* Debug */,
				30D6C2892AF41F0B00688455 /* Release */,
			);
			defaultConfigurationIsVisible = 0;
			defaultConfigurationName = Release;
		};
/* End XCConfigurationList section */
	};
	rootObject = 30D6C2712AF41F0900688455 /* Project object */;
}
